
Microsoft Visual Studio Solution File, Format Version 12.00
# Visual Studio Version 16
VisualStudioVersion = 16.0.31424.327
MinimumVisualStudioVersion = 10.0.40219.1
Project("{2150E333-8FDC-42A3-9474-1A3956D46DE8}") = "src", "src", "{0E9A66C7-F8E6-4802-8EB4-0353B50C8866}"
EndProject
Project("{2150E333-8FDC-42A3-9474-1A3956D46DE8}") = "test", "test", "{0C17FD33-E61B-450A-8EAD-78665C7E9B46}"
EndProject
Project("{2150E333-8FDC-42A3-9474-1A3956D46DE8}") = "DodoBed.Manufacturing.Domain", "DodoBed.Manufacturing.Domain", "{F045EAE5-F622-4F57-9D73-1038666FB7D7}"
EndProject
Project("{2150E333-8FDC-42A3-9474-1A3956D46DE8}") = "DodoBed.Manufacturing.Application", "DodoBed.Manufacturing.Application", "{8BD851AB-CEEB-4178-9671-09A7A28D4F27}"
EndProject
Project("{2150E333-8FDC-42A3-9474-1A3956D46DE8}") = "DodoBed.Manufacturing.Infrastructure", "DodoBed.Manufacturing.Infrastructure", "{8648C740-5BE9-455A-B5F9-0852BDED9494}"
EndProject
Project("{2150E333-8FDC-42A3-9474-1A3956D46DE8}") = "DodoBed.Manufacturing.Api", "DodoBed.Manufacturing.Api", "{CFBBBF1F-39FF-4C2F-9366-8773101AFEC7}"
EndProject
Project("{2150E333-8FDC-42A3-9474-1A3956D46DE8}") = "DodoBed.Manufacturing.UI", "DodoBed.Manufacturing.UI", "{6830FD4D-8D7F-4C11-91EE-E356E78AED43}"
EndProject
Project("{9A19103F-16F7-4668-BE54-9A1E7A4F7556}") = "DodoBed.Manufacturing.Domain", "DodoBed.Manufacturing.Domain\DodoBed.Manufacturing.Domain.csproj", "{D20E9485-D5AD-43EF-BF98-B82E94B29380}"
EndProject
Project("{9A19103F-16F7-4668-BE54-9A1E7A4F7556}") = "DodoBed.Manufacturing.Application", "DodoBed.Manufacturing.Application\DodoBed.Manufacturing.Application.csproj", "{03B34733-7170-4CE7-A2C2-72D290203467}"
EndProject
Project("{9A19103F-16F7-4668-BE54-9A1E7A4F7556}") = "DodoBed.Manufacturing.SqlPersistence", "DodoBed.Manufacturing.SqlPersistence\DodoBed.Manufacturing.SqlPersistence.csproj", "{1D0CEF04-504B-4CAC-80BF-D0BBFCEDEFBF}"
EndProject
Project("{2150E333-8FDC-42A3-9474-1A3956D46DE8}") = "Solution Items", "Solution Items", "{2A3DF468-CCC1-4BC5-849B-414DF6BAC9F0}"
	ProjectSection(SolutionItems) = preProject
		notes.js = notes.js
	EndProjectSection
EndProject
Project("{FAE04EC0-301F-11D3-BF4B-00C04F79EFBC}") = "Products", "Products\Products.csproj", "{53BFF06D-36FF-412D-BF9B-BE02130C4725}"
EndProject
Global
	GlobalSection(SolutionConfigurationPlatforms) = preSolution
		Debug|Any CPU = Debug|Any CPU
		Release|Any CPU = Release|Any CPU
	EndGlobalSection
	GlobalSection(ProjectConfigurationPlatforms) = postSolution
		{D20E9485-D5AD-43EF-BF98-B82E94B29380}.Debug|Any CPU.ActiveCfg = Debug|Any CPU
		{D20E9485-D5AD-43EF-BF98-B82E94B29380}.Debug|Any CPU.Build.0 = Debug|Any CPU
		{D20E9485-D5AD-43EF-BF98-B82E94B29380}.Release|Any CPU.ActiveCfg = Release|Any CPU
		{D20E9485-D5AD-43EF-BF98-B82E94B29380}.Release|Any CPU.Build.0 = Release|Any CPU
		{03B34733-7170-4CE7-A2C2-72D290203467}.Debug|Any CPU.ActiveCfg = Debug|Any CPU
		{03B34733-7170-4CE7-A2C2-72D290203467}.Debug|Any CPU.Build.0 = Debug|Any CPU
		{03B34733-7170-4CE7-A2C2-72D290203467}.Release|Any CPU.ActiveCfg = Release|Any CPU
		{03B34733-7170-4CE7-A2C2-72D290203467}.Release|Any CPU.Build.0 = Release|Any CPU
		{1D0CEF04-504B-4CAC-80BF-D0BBFCEDEFBF}.Debug|Any CPU.ActiveCfg = Debug|Any CPU
		{1D0CEF04-504B-4CAC-80BF-D0BBFCEDEFBF}.Debug|Any CPU.Build.0 = Debug|Any CPU
		{1D0CEF04-504B-4CAC-80BF-D0BBFCEDEFBF}.Release|Any CPU.ActiveCfg = Release|Any CPU
		{1D0CEF04-504B-4CAC-80BF-D0BBFCEDEFBF}.Release|Any CPU.Build.0 = Release|Any CPU
		{53BFF06D-36FF-412D-BF9B-BE02130C4725}.Debug|Any CPU.ActiveCfg = Debug|Any CPU
		{53BFF06D-36FF-412D-BF9B-BE02130C4725}.Debug|Any CPU.Build.0 = Debug|Any CPU
		{53BFF06D-36FF-412D-BF9B-BE02130C4725}.Release|Any CPU.ActiveCfg = Release|Any CPU
		{53BFF06D-36FF-412D-BF9B-BE02130C4725}.Release|Any CPU.Build.0 = Release|Any CPU
	EndGlobalSection
	GlobalSection(SolutionProperties) = preSolution
		HideSolutionNode = FALSE
	EndGlobalSection
	GlobalSection(NestedProjects) = preSolution
		{F045EAE5-F622-4F57-9D73-1038666FB7D7} = {0E9A66C7-F8E6-4802-8EB4-0353B50C8866}
		{8BD851AB-CEEB-4178-9671-09A7A28D4F27} = {0E9A66C7-F8E6-4802-8EB4-0353B50C8866}
		{8648C740-5BE9-455A-B5F9-0852BDED9494} = {0E9A66C7-F8E6-4802-8EB4-0353B50C8866}
		{CFBBBF1F-39FF-4C2F-9366-8773101AFEC7} = {0E9A66C7-F8E6-4802-8EB4-0353B50C8866}
		{6830FD4D-8D7F-4C11-91EE-E356E78AED43} = {0E9A66C7-F8E6-4802-8EB4-0353B50C8866}
		{D20E9485-D5AD-43EF-BF98-B82E94B29380} = {F045EAE5-F622-4F57-9D73-1038666FB7D7}
		{03B34733-7170-4CE7-A2C2-72D290203467} = {8BD851AB-CEEB-4178-9671-09A7A28D4F27}
		{1D0CEF04-504B-4CAC-80BF-D0BBFCEDEFBF} = {8648C740-5BE9-455A-B5F9-0852BDED9494}
		{53BFF06D-36FF-412D-BF9B-BE02130C4725} = {CFBBBF1F-39FF-4C2F-9366-8773101AFEC7}
	EndGlobalSection
	GlobalSection(ExtensibilityGlobals) = postSolution
		SolutionGuid = {B0D4229F-CBB4-4E1A-92A5-0BD36E1A59B3}
	EndGlobalSection
EndGlobal
