
Microsoft Visual Studio Solution File, Format Version 12.00
# Visual Studio Version 16
VisualStudioVersion = 16.0.31424.327
MinimumVisualStudioVersion = 10.0.40219.1
Project("{2150E333-8FDC-42A3-9474-1A3956D46DE8}") = "src", "src", "{2AC9CC65-D1D4-47C2-A10A-B505B5921938}"
EndProject
Project("{2150E333-8FDC-42A3-9474-1A3956D46DE8}") = "test", "test", "{ECC840D0-AAD9-4128-8F67-064D9B80F06C}"
EndProject
Project("{2150E333-8FDC-42A3-9474-1A3956D46DE8}") = "API", "API", "{39D03788-3224-4483-8A27-47AF1FAF4279}"
EndProject
Project("{2150E333-8FDC-42A3-9474-1A3956D46DE8}") = "Core", "Core", "{DF624BD6-53C2-4311-8D41-5A2C0320D372}"
EndProject
Project("{2150E333-8FDC-42A3-9474-1A3956D46DE8}") = "UI", "UI", "{B9188681-3C8F-4481-B9FB-CEE3A46B7F0A}"
EndProject
Project("{FAE04EC0-301F-11D3-BF4B-00C04F79EFBC}") = "GloboTicket.TicketManagement.Domain", "GloboTicket.TicketManagement.Domain\GloboTicket.TicketManagement.Domain.csproj", "{DD2B840E-0EB1-4DC1-A6BF-1947A5495516}"
EndProject
Project("{2150E333-8FDC-42A3-9474-1A3956D46DE8}") = "Infrastructure", "Infrastructure", "{E2B6D00E-62EA-4736-B3C7-E0E811BFFB8B}"
EndProject
Project("{FAE04EC0-301F-11D3-BF4B-00C04F79EFBC}") = "GloboTicket.TicketManagement.Application", "GloboTicket.TicketManagement.Application\GloboTicket.TicketManagement.Application.csproj", "{7CC8C91B-0375-440C-B0AC-B2C320940876}"
EndProject
Global
	GlobalSection(SolutionConfigurationPlatforms) = preSolution
		Debug|Any CPU = Debug|Any CPU
		Release|Any CPU = Release|Any CPU
	EndGlobalSection
	GlobalSection(ProjectConfigurationPlatforms) = postSolution
		{DD2B840E-0EB1-4DC1-A6BF-1947A5495516}.Debug|Any CPU.ActiveCfg = Debug|Any CPU
		{DD2B840E-0EB1-4DC1-A6BF-1947A5495516}.Debug|Any CPU.Build.0 = Debug|Any CPU
		{DD2B840E-0EB1-4DC1-A6BF-1947A5495516}.Release|Any CPU.ActiveCfg = Release|Any CPU
		{DD2B840E-0EB1-4DC1-A6BF-1947A5495516}.Release|Any CPU.Build.0 = Release|Any CPU
		{7CC8C91B-0375-440C-B0AC-B2C320940876}.Debug|Any CPU.ActiveCfg = Debug|Any CPU
		{7CC8C91B-0375-440C-B0AC-B2C320940876}.Debug|Any CPU.Build.0 = Debug|Any CPU
		{7CC8C91B-0375-440C-B0AC-B2C320940876}.Release|Any CPU.ActiveCfg = Release|Any CPU
		{7CC8C91B-0375-440C-B0AC-B2C320940876}.Release|Any CPU.Build.0 = Release|Any CPU
	EndGlobalSection
	GlobalSection(SolutionProperties) = preSolution
		HideSolutionNode = FALSE
	EndGlobalSection
	GlobalSection(NestedProjects) = preSolution
		{39D03788-3224-4483-8A27-47AF1FAF4279} = {2AC9CC65-D1D4-47C2-A10A-B505B5921938}
		{DF624BD6-53C2-4311-8D41-5A2C0320D372} = {2AC9CC65-D1D4-47C2-A10A-B505B5921938}
		{B9188681-3C8F-4481-B9FB-CEE3A46B7F0A} = {2AC9CC65-D1D4-47C2-A10A-B505B5921938}
		{DD2B840E-0EB1-4DC1-A6BF-1947A5495516} = {DF624BD6-53C2-4311-8D41-5A2C0320D372}
		{E2B6D00E-62EA-4736-B3C7-E0E811BFFB8B} = {2AC9CC65-D1D4-47C2-A10A-B505B5921938}
		{7CC8C91B-0375-440C-B0AC-B2C320940876} = {DF624BD6-53C2-4311-8D41-5A2C0320D372}
	EndGlobalSection
	GlobalSection(ExtensibilityGlobals) = postSolution
		SolutionGuid = {5EF4DD61-9871-492D-957E-A27C31BA4704}
	EndGlobalSection
EndGlobal
